Microsoft Visual Studio Solution File, Format Version 12.00
# Visual Studio 2012
Project("{FAE04EC0-301F-11D3-BF4B-00C04F79EFBC}") = "sr2_chonker", "sr2_chonker.csproj", "{42B9EFB3-5D5A-412F-8A48-8C39BEA83D1B}"
EndProject
Global
	GlobalSection(SolutionConfigurationPlatforms) = preSolution
	Debug|Any CPU = Debug|Any CPU
	ExportDebug|Any CPU = ExportDebug|Any CPU
	ExportRelease|Any CPU = ExportRelease|Any CPU
	EndGlobalSection
	GlobalSection(ProjectConfigurationPlatforms) = postSolution
		{42B9EFB3-5D5A-412F-8A48-8C39BEA83D1B}.Debug|Any CPU.ActiveCfg = Debug|Any CPU
		{42B9EFB3-5D5A-412F-8A48-8C39BEA83D1B}.Debug|Any CPU.Build.0 = Debug|Any CPU
		{42B9EFB3-5D5A-412F-8A48-8C39BEA83D1B}.ExportDebug|Any CPU.ActiveCfg = ExportDebug|Any CPU
		{42B9EFB3-5D5A-412F-8A48-8C39BEA83D1B}.ExportDebug|Any CPU.Build.0 = ExportDebug|Any CPU
		{42B9EFB3-5D5A-412F-8A48-8C39BEA83D1B}.ExportRelease|Any CPU.ActiveCfg = ExportRelease|Any CPU
		{42B9EFB3-5D5A-412F-8A48-8C39BEA83D1B}.ExportRelease|Any CPU.Build.0 = ExportRelease|Any CPU
	EndGlobalSection
EndGlobal
